// !$*UTF8*$!
{
	archiveVersion = 1;
	classes = {
	};
	objectVersion = 77;
	objects = {

/* Begin PBXBuildFile section */
		569C2DE535C6325E5724992F /* ShakeDetector.swift in Sources */ = {isa = PBXBuildFile; fileRef = 0816F3D24621485D7F8EA2F4 /* ShakeDetector.swift */; };
		5CC60A13B68C305D3588FD69 /* SpeechRecognitionManager.swift in Sources */ = {isa = PBXBuildFile; fileRef = 53DDDE97256B301ADF18F2F0 /* SpeechRecognitionManager.swift */; };
		5DCBCF3DB76043CAC23BBBE4 /* ThoughtStreamApp.swift in Sources */ = {isa = PBXBuildFile; fileRef = 2345E877A2397F74E2D4DB4C /* ThoughtStreamApp.swift */; };
		ABD5C8D41F7CF83689B17B2E /* ContentView.swift in Sources */ = {isa = PBXBuildFile; fileRef = 1D4ACD56F093D88416878F12 /* ContentView.swift */; };
		ADD9D2FC30096CACF9162AE5 /* AppIntents.swift in Sources */ = {isa = PBXBuildFile; fileRef = 81D078B2FF80C32E01703226 /* AppIntents.swift */; };
/* End PBXBuildFile section */

/* Begin PBXFileReference section */
		0816F3D24621485D7F8EA2F4 /* ShakeDetector.swift */ = {isa = PBXFileReference; lastKnownFileType = sourcecode.swift; path = ShakeDetector.swift; sourceTree = "<group>"; };
		1D4ACD56F093D88416878F12 /* ContentView.swift */ = {isa = PBXFileReference; lastKnownFileType = sourcecode.swift; path = ContentView.swift; sourceTree = "<group>"; };
		2345E877A2397F74E2D4DB4C /* ThoughtStreamApp.swift */ = {isa = PBXFileReference; lastKnownFileType = sourcecode.swift; path = ThoughtStreamApp.swift; sourceTree = "<group>"; };
		2D39395853B9FE775488843A /* ThoughtStream.app */ = {isa = PBXFileReference; explicitFileType = wrapper.application; includeInIndex = 0; path = ThoughtStream.app; sourceTree = BUILT_PRODUCTS_DIR; };
		53DDDE97256B301ADF18F2F0 /* SpeechRecognitionManager.swift */ = {isa = PBXFileReference; lastKnownFileType = sourcecode.swift; path = SpeechRecognitionManager.swift; sourceTree = "<group>"; };
		81D078B2FF80C32E01703226 /* AppIntents.swift */ = {isa = PBXFileReference; lastKnownFileType = sourcecode.swift; path = AppIntents.swift; sourceTree = "<group>"; };
		8DDB25C4C58CB6CD2D31616A /* ThoughtStream.entitlements */ = {isa = PBXFileReference; lastKnownFileType = text.plist.entitlements; path = ThoughtStream.entitlements; sourceTree = "<group>"; };
		B7A7877D32467420BF4A290D /* Info.plist */ = {isa = PBXFileReference; lastKnownFileType = text.plist; path = Info.plist; sourceTree = "<group>"; };
/* End PBXFileReference section */

/* Begin PBXGroup section */
		56CCC6ACAE0C8D3014EAF9F1 = {
			isa = PBXGroup;
			children = (
				9849C86A1EE675AA55DB4F9C /* ThoughtStream */,
				E16D69E1D5CD482C5BDCF05C /* Products */,
			);
			sourceTree = "<group>";
		};
		9849C86A1EE675AA55DB4F9C /* ThoughtStream */ = {
			isa = PBXGroup;
			children = (
				81D078B2FF80C32E01703226 /* AppIntents.swift */,
				1D4ACD56F093D88416878F12 /* ContentView.swift */,
				B7A7877D32467420BF4A290D /* Info.plist */,
				0816F3D24621485D7F8EA2F4 /* ShakeDetector.swift */,
				53DDDE97256B301ADF18F2F0 /* SpeechRecognitionManager.swift */,
				8DDB25C4C58CB6CD2D31616A /* ThoughtStream.entitlements */,
				2345E877A2397F74E2D4DB4C /* ThoughtStreamApp.swift */,
			);
			path = ThoughtStream;
			sourceTree = "<group>";
		};
		E16D69E1D5CD482C5BDCF05C /* Products */ = {
			isa = PBXGroup;
			children = (
				2D39395853B9FE775488843A /* ThoughtStream.app */,
			);
			name = Products;
			sourceTree = "<group>";
		};
/* End PBXGroup section */

/* Begin PBXNativeTarget section */
		E6059454895DC2DF06140444 /* ThoughtStream */ = {
			isa = PBXNativeTarget;
			buildConfigurationList = 9D6DC734EDDF87712B9FF511 /* Build configuration list for PBXNativeTarget "ThoughtStream" */;
			buildPhases = (
				D0BBF90404BE4B677BA62D6F /* Sources */,
			);
			buildRules = (
			);
			dependencies = (
			);
			name = ThoughtStream;
			packageProductDependencies = (
			);
			productName = ThoughtStream;
			productReference = 2D39395853B9FE775488843A /* ThoughtStream.app */;
			productType = "com.apple.product-type.application";
		};
/* End PBXNativeTarget section */

/* Begin PBXProject section */
		5895A14C0FC6BC1F548E00B0 /* Project object */ = {
			isa = PBXProject;
			attributes = {
				BuildIndependentTargetsInParallel = YES;
				LastUpgradeCheck = 1600;
			};
			buildConfigurationList = 5FDF1F12C799C273C72E0CEB /* Build configuration list for PBXProject "ThoughtStream" */;
			developmentRegion = en;
			hasScannedForEncodings = 0;
			knownRegions = (
				Base,
				en,
			);
			mainGroup = 56CCC6ACAE0C8D3014EAF9F1;
			minimizedProjectReferenceProxies = 1;
			preferredProjectObjectVersion = 77;
			productRefGroup = E16D69E1D5CD482C5BDCF05C /* Products */;
			projectDirPath = "";
			projectRoot = "";
			targets = (
				E6059454895DC2DF06140444 /* ThoughtStream */,
			);
		};
/* End PBXProject section */

/* Begin PBXSourcesBuildPhase section */
		D0BBF90404BE4B677BA62D6F /* Sources */ = {
			isa = PBXSourcesBuildPhase;
			buildActionMask = 2147483647;
			files = (
				ADD9D2FC30096CACF9162AE5 /* AppIntents.swift in Sources */,
				ABD5C8D41F7CF83689B17B2E /* ContentView.swift in Sources */,
				569C2DE535C6325E5724992F /* ShakeDetector.swift in Sources */,
				5CC60A13B68C305D3588FD69 /* SpeechRecognitionManager.swift in Sources */,
				5DCBCF3DB76043CAC23BBBE4 /* ThoughtStreamApp.swift in Sources */,
			);
			runOnlyForDeploymentPostprocessing = 0;
		};
/* End PBXSourcesBuildPhase section */

/* Begin XCBuildConfiguration section */
		0A5CCA8A6A8A319801658CE4 /* Release */ = {
			isa = XCBuildConfiguration;
			buildSettings = {
				ALWAYS_SEARCH_USER_PATHS = NO;
				CLANG_ANALYZER_NONNULL = YES;
				CLANG_ANALYZER_NUMBER_OBJECT_CONVERSION = YES_AGGRESSIVE;
				CLANG_CXX_LANGUAGE_STANDARD = "gnu++14";
				CLANG_CXX_LIBRARY = "libc++";
				CLANG_ENABLE_MODULES = YES;
				CLANG_ENABLE_OBJC_ARC = YES;
				CLANG_ENABLE_OBJC_WEAK = YES;
				CLANG_WARN_BLOCK_CAPTURE_AUTORELEASING = YES;
				CLANG_WARN_BOOL_CONVERSION = YES;
				CLANG_WARN_COMMA = YES;
				CLANG_WARN_CONSTANT_CONVERSION = YES;
				CLANG_WARN_DEPRECATED_OBJC_IMPLEMENTATIONS = YES;
				CLANG_WARN_DIRECT_OBJC_ISA_USAGE = YES_ERROR;
				CLANG_WARN_DOCUMENTATION_COMMENTS = YES;
				CLANG_WARN_EMPTY_BODY = YES;
				CLANG_WARN_ENUM_CONVERSION = YES;
				CLANG_WARN_INFINITE_RECURSION = YES;
				CLANG_WARN_INT_CONVERSION = YES;
				CLANG_WARN_NON_LITERAL_NULL_CONVERSION = YES;
				CLANG_WARN_OBJC_IMPLICIT_RETAIN_SELF = YES;
				CLANG_WARN_OBJC_LITERAL_CONVERSION = YES;
				CLANG_WARN_OBJC_ROOT_CLASS = YES_ERROR;
				CLANG_WARN_QUOTED_INCLUDE_IN_FRAMEWORK_HEADER = YES;
				CLANG_WARN_RANGE_LOOP_ANALYSIS = YES;
				CLANG_WARN_STRICT_PROTOTYPES = YES;
				CLANG_WARN_SUSPICIOUS_MOVE = YES;
				CLANG_WARN_UNGUARDED_AVAILABILITY = YES_AGGRESSIVE;
				CLANG_WARN_UNREACHABLE_CODE = YES;
				CLANG_WARN__DUPLICATE_METHOD_MATCH = YES;
				COPY_PHASE_STRIP = NO;
				DEBUG_INFORMATION_FORMAT = "dwarf-with-dsym";
				ENABLE_NS_ASSERTIONS = NO;
				ENABLE_STRICT_OBJC_MSGSEND = YES;
				GCC_C_LANGUAGE_STANDARD = gnu11;
				GCC_NO_COMMON_BLOCKS = YES;
				GCC_WARN_64_TO_32_BIT_CONVERSION = YES;
				GCC_WARN_ABOUT_RETURN_TYPE = YES_ERROR;
				GCC_WARN_UNDECLARED_SELECTOR = YES;
				GCC_WARN_UNINITIALIZED_AUTOS = YES_AGGRESSIVE;
				GCC_WARN_UNUSED_FUNCTION = YES;
				GCC_WARN_UNUSED_VARIABLE = YES;
				IPHONEOS_DEPLOYMENT_TARGET = 17.0;
				MTL_ENABLE_DEBUG_INFO = NO;
				MTL_FAST_MATH = YES;
				PRODUCT_NAME = "$(TARGET_NAME)";
				SDKROOT = iphoneos;
				SWIFT_COMPILATION_MODE = wholemodule;
				SWIFT_OPTIMIZATION_LEVEL = "-O";
				SWIFT_VERSION = 5.0;
			};
			name = Release;
		};
		4A1C3F46D8353B80FCD747F1 /* Debug */ = {
			isa = XCBuildConfiguration;
			buildSettings = {
				ALWAYS_SEARCH_USER_PATHS = NO;
				CLANG_ANALYZER_NONNULL = YES;
				CLANG_ANALYZER_NUMBER_OBJECT_CONVERSION = YES_AGGRESSIVE;
				CLANG_CXX_LANGUAGE_STANDARD = "gnu++14";
				CLANG_CXX_LIBRARY = "libc++";
				CLANG_ENABLE_MODULES = YES;
				CLANG_ENABLE_OBJC_ARC = YES;
				CLANG_ENABLE_OBJC_WEAK = YES;
				CLANG_WARN_BLOCK_CAPTURE_AUTORELEASING = YES;
				CLANG_WARN_BOOL_CONVERSION = YES;
				CLANG_WARN_COMMA = YES;
				CLANG_WARN_CONSTANT_CONVERSION = YES;
				CLANG_WARN_DEPRECATED_OBJC_IMPLEMENTATIONS = YES;
				CLANG_WARN_DIRECT_OBJC_ISA_USAGE = YES_ERROR;
				CLANG_WARN_DOCUMENTATION_COMMENTS = YES;
				CLANG_WARN_EMPTY_BODY = YES;
				CLANG_WARN_ENUM_CONVERSION = YES;
				CLANG_WARN_INFINITE_RECURSION = YES;
				CLANG_WARN_INT_CONVERSION = YES;
				CLANG_WARN_NON_LITERAL_NULL_CONVERSION = YES;
				CLANG_WARN_OBJC_IMPLICIT_RETAIN_SELF = YES;
				CLANG_WARN_OBJC_LITERAL_CONVERSION = YES;
				CLANG_WARN_OBJC_ROOT_CLASS = YES_ERROR;
				CLANG_WARN_QUOTED_INCLUDE_IN_FRAMEWORK_HEADER = YES;
				CLANG_WARN_RANGE_LOOP_ANALYSIS = YES;
				CLANG_WARN_STRICT_PROTOTYPES = YES;
				CLANG_WARN_SUSPICIOUS_MOVE = YES;
				CLANG_WARN_UNGUARDED_AVAILABILITY = YES_AGGRESSIVE;
				CLANG_WARN_UNREACHABLE_CODE = YES;
				CLANG_WARN__DUPLICATE_METHOD_MATCH = YES;
				COPY_PHASE_STRIP = NO;
				DEBUG_INFORMATION_FORMAT = dwarf;
				ENABLE_STRICT_OBJC_MSGSEND = YES;
				ENABLE_TESTABILITY = YES;
				GCC_C_LANGUAGE_STANDARD = gnu11;
				GCC_DYNAMIC_NO_PIC = NO;
				GCC_NO_COMMON_BLOCKS = YES;
				GCC_OPTIMIZATION_LEVEL = 0;
				GCC_PREPROCESSOR_DEFINITIONS = (
					"$(inherited)",
					"DEBUG=1",
				);
				GCC_WARN_64_TO_32_BIT_CONVERSION = YES;
				GCC_WARN_ABOUT_RETURN_TYPE = YES_ERROR;
				GCC_WARN_UNDECLARED_SELECTOR = YES;
				GCC_WARN_UNINITIALIZED_AUTOS = YES_AGGRESSIVE;
				GCC_WARN_UNUSED_FUNCTION = YES;
				GCC_WARN_UNUSED_VARIABLE = YES;
				IPHONEOS_DEPLOYMENT_TARGET = 17.0;
				MTL_ENABLE_DEBUG_INFO = INCLUDE_SOURCE;
				MTL_FAST_MATH = YES;
				ONLY_ACTIVE_ARCH = YES;
				PRODUCT_NAME = "$(TARGET_NAME)";
				SDKROOT = iphoneos;
				SWIFT_ACTIVE_COMPILATION_CONDITIONS = DEBUG;
				SWIFT_OPTIMIZATION_LEVEL = "-Onone";
				SWIFT_VERSION = 5.0;
			};
			name = Debug;
		};
		99D021701500F5535133C6A7 /* Debug */ = {
			isa = XCBuildConfiguration;
			buildSettings = {
				ASSETCATALOG_COMPILER_APPICON_NAME = AppIcon;
				CODE_SIGN_ENTITLEMENTS = ThoughtStream/ThoughtStream.entitlements;
				CODE_SIGN_IDENTITY = "iPhone Developer";
				CURRENT_PROJECT_VERSION = 1;
				DEVELOPMENT_TEAM = 9NVHF9NV28;
				INFOPLIST_FILE = ThoughtStream/Info.plist;
				LD_RUNPATH_SEARCH_PATHS = (
					"$(inherited)",
					"@executable_path/Frameworks",
				);
				MARKETING_VERSION = 1.0.0;
				PRODUCT_BUNDLE_IDENTIFIER = com.mattfisher.ThoughtStream;
				SDKROOT = iphoneos;
				SWIFT_VERSION = 5.9;
				TARGETED_DEVICE_FAMILY = "1,2";
			};
			name = Debug;
		};
		F0BE07C92C14FAE92155376B /* Release */ = {
			isa = XCBuildConfiguration;
			buildSettings = {
				ASSETCATALOG_COMPILER_APPICON_NAME = AppIcon;
				CODE_SIGN_ENTITLEMENTS = ThoughtStream/ThoughtStream.entitlements;
				CODE_SIGN_IDENTITY = "iPhone Developer";
				CURRENT_PROJECT_VERSION = 1;
				DEVELOPMENT_TEAM = 9NVHF9NV28;
				INFOPLIST_FILE = ThoughtStream/Info.plist;
				LD_RUNPATH_SEARCH_PATHS = (
					"$(inherited)",
					"@executable_path/Frameworks",
				);
				MARKETING_VERSION = 1.0.0;
				PRODUCT_BUNDLE_IDENTIFIER = com.mattfisher.ThoughtStream;
				SDKROOT = iphoneos;
				SWIFT_VERSION = 5.9;
				TARGETED_DEVICE_FAMILY = "1,2";
			};
			name = Release;
		};
/* End XCBuildConfiguration section */

/* Begin XCConfigurationList section */
		5FDF1F12C799C273C72E0CEB /* Build configuration list for PBXProject "ThoughtStream" */ = {
			isa = XCConfigurationList;
			buildConfigurations = (
				4A1C3F46D8353B80FCD747F1 /* Debug */,
				0A5CCA8A6A8A319801658CE4 /* Release */,
			);
			defaultConfigurationIsVisible = 0;
			defaultConfigurationName = Debug;
		};
		9D6DC734EDDF87712B9FF511 /* Build configuration list for PBXNativeTarget "ThoughtStream" */ = {
			isa = XCConfigurationList;
			buildConfigurations = (
				99D021701500F5535133C6A7 /* Debug */,
				F0BE07C92C14FAE92155376B /* Release */,
			);
			defaultConfigurationIsVisible = 0;
			defaultConfigurationName = Debug;
		};
/* End XCConfigurationList section */
	};
	rootObject = 5895A14C0FC6BC1F548E00B0 /* Project object */;
}
